// !$*UTF8*$!
{
	archiveVersion = 1;
	classes = {
	};
	objectVersion = 77;
	objects = {

/* Begin PBXBuildFile section */
		FB01C3D4E5F6A7B8C9D0E1F2 /* Assets.xcassets in Resources */ = {isa = PBXBuildFile; fileRef = FB01C3D4E5F6A7B8C9D0E1F1 /* Assets.xcassets */; };
		D1B2C3D4E5F6A7B8C9D0E1F8 /* FrostscribeApp.swift in Sources */ = {isa = PBXBuildFile; fileRef = C1B2C3D4E5F6A7B8C9D0E1F4 /* FrostscribeApp.swift */; };
		D1B2C3D4E5F6A7B8C9D0E1F9 /* FrostTheme.swift in Sources */ = {isa = PBXBuildFile; fileRef = C1B2C3D4E5F6A7B8C9D0E1F5 /* FrostTheme.swift */; };
		E1B2C3D4E5F6A7B8C9D0E1F2 /* MenuBarView.swift in Sources */ = {isa = PBXBuildFile; fileRef = C1B2C3D4E5F6A7B8C9D0E1F6 /* MenuBarView.swift */; };
		E1B2C3D4E5F6A7B8C9D0E1F3 /* MenuBarIcon.swift in Sources */ = {isa = PBXBuildFile; fileRef = C1B2C3D4E5F6A7B8C9D0E1F7 /* MenuBarIcon.swift */; };
		E1B2C3D4E5F6A7B8C9D0E1F4 /* StatusViewModel.swift in Sources */ = {isa = PBXBuildFile; fileRef = C1B2C3D4E5F6A7B8C9D0E1F8 /* StatusViewModel.swift */; };
		E1B2C3D4E5F6A7B8C9D0E1F5 /* QueueViewModel.swift in Sources */ = {isa = PBXBuildFile; fileRef = C1B2C3D4E5F6A7B8C9D0E1F9 /* QueueViewModel.swift */; };
		E1B2C3D4E5F6A7B8C9D0E1F6 /* StatusSectionView.swift in Sources */ = {isa = PBXBuildFile; fileRef = D1B2C3D4E5F6A7B8C9D0E1F2 /* StatusSectionView.swift */; };
		E1B2C3D4E5F6A7B8C9D0E1F7 /* QueueSectionView.swift in Sources */ = {isa = PBXBuildFile; fileRef = D1B2C3D4E5F6A7B8C9D0E1F3 /* QueueSectionView.swift */; };
		E1B2C3D4E5F6A7B8C9D0E1F8 /* QueueRowView.swift in Sources */ = {isa = PBXBuildFile; fileRef = D1B2C3D4E5F6A7B8C9D0E1F4 /* QueueRowView.swift */; };
		E1B2C3D4E5F6A7B8C9D0E1F9 /* SettingsView.swift in Sources */ = {isa = PBXBuildFile; fileRef = D1B2C3D4E5F6A7B8C9D0E1F5 /* SettingsView.swift */; };
		F1B2C3D4E5F6A7B8C9D0E1F3 /* FrostscribeCore in Frameworks */ = {isa = PBXBuildFile; productRef = F1B2C3D4E5F6A7B8C9D0E1F5 /* FrostscribeCore */; };
		F3B2C3D4E5F6A7B8C9D0E1F3 /* VigilWatcher.swift in Sources */ = {isa = PBXBuildFile; fileRef = F3B2C3D4E5F6A7B8C9D0E1F1 /* VigilWatcher.swift */; };
		F3B2C3D4E5F6A7B8C9D0E1F4 /* VigilViewModel.swift in Sources */ = {isa = PBXBuildFile; fileRef = F3B2C3D4E5F6A7B8C9D0E1F2 /* VigilViewModel.swift */; };
		H3B2C3D4E5F6A7B8C9D0E1F2 /* DiskArbitration.framework in Frameworks */ = {isa = PBXBuildFile; fileRef = H3B2C3D4E5F6A7B8C9D0E1F1 /* DiskArbitration.framework */; };
		FA01C3D4E5F6A7B8C9D0E1F2 /* RipFlowViewModel.swift in Sources */ = {isa = PBXBuildFile; fileRef = FA01C3D4E5F6A7B8C9D0E1F1 /* RipFlowViewModel.swift */; };
		FA02C3D4E5F6A7B8C9D0E1F2 /* RipFlowView.swift in Sources */ = {isa = PBXBuildFile; fileRef = FA02C3D4E5F6A7B8C9D0E1F1 /* RipFlowView.swift */; };
		FA13C4D5E6F7A8B9C0D1E2F2 /* LeftPanelView.swift in Sources */ = {isa = PBXBuildFile; fileRef = FA13C4D5E6F7A8B9C0D1E2F1 /* LeftPanelView.swift */; };
		FA03C3D4E5F6A7B8C9D0E1F2 /* RipIdleView.swift in Sources */ = {isa = PBXBuildFile; fileRef = FA03C3D4E5F6A7B8C9D0E1F1 /* RipIdleView.swift */; };
		FA04C3D4E5F6A7B8C9D0E1F2 /* RipScanningView.swift in Sources */ = {isa = PBXBuildFile; fileRef = FA04C3D4E5F6A7B8C9D0E1F1 /* RipScanningView.swift */; };
		FA05C3D4E5F6A7B8C9D0E1F2 /* TitleSelectionView.swift in Sources */ = {isa = PBXBuildFile; fileRef = FA05C3D4E5F6A7B8C9D0E1F1 /* TitleSelectionView.swift */; };
		FA06C3D4E5F6A7B8C9D0E1F2 /* MediaTypeView.swift in Sources */ = {isa = PBXBuildFile; fileRef = FA06C3D4E5F6A7B8C9D0E1F1 /* MediaTypeView.swift */; };
		FA07C3D4E5F6A7B8C9D0E1F2 /* TMDBSearchView.swift in Sources */ = {isa = PBXBuildFile; fileRef = FA07C3D4E5F6A7B8C9D0E1F1 /* TMDBSearchView.swift */; };
		FA08C3D4E5F6A7B8C9D0E1F2 /* TVEpisodeView.swift in Sources */ = {isa = PBXBuildFile; fileRef = FA08C3D4E5F6A7B8C9D0E1F1 /* TVEpisodeView.swift */; };
		FA09C3D4E5F6A7B8C9D0E1F2 /* AudioTrackSelectionView.swift in Sources */ = {isa = PBXBuildFile; fileRef = FA09C3D4E5F6A7B8C9D0E1F1 /* AudioTrackSelectionView.swift */; };
		FA10C3D4E5F6A7B8C9D0E1F2 /* ConfirmationView.swift in Sources */ = {isa = PBXBuildFile; fileRef = FA10C3D4E5F6A7B8C9D0E1F1 /* ConfirmationView.swift */; };
		FA11C3D4E5F6A7B8C9D0E1F2 /* RippingProgressView.swift in Sources */ = {isa = PBXBuildFile; fileRef = FA11C3D4E5F6A7B8C9D0E1F1 /* RippingProgressView.swift */; };
		FA12C3D4E5F6A7B8C9D0E1F2 /* RipCompleteView.swift in Sources */ = {isa = PBXBuildFile; fileRef = FA12C3D4E5F6A7B8C9D0E1F1 /* RipCompleteView.swift */; };
/* End PBXBuildFile section */

/* Begin PBXFileReference section */
		C1B2C3D4E5F6A7B8C9D0E1F4 /* FrostscribeApp.swift */ = {isa = PBXFileReference; lastKnownFileType = sourcecode.swift; path = FrostscribeApp.swift; sourceTree = "<group>"; };
		F3B2C3D4E5F6A7B8C9D0E1F1 /* VigilWatcher.swift */ = {isa = PBXFileReference; lastKnownFileType = sourcecode.swift; path = VigilWatcher.swift; sourceTree = "<group>"; };
		F3B2C3D4E5F6A7B8C9D0E1F2 /* VigilViewModel.swift */ = {isa = PBXFileReference; lastKnownFileType = sourcecode.swift; path = VigilViewModel.swift; sourceTree = "<group>"; };
		FA01C3D4E5F6A7B8C9D0E1F1 /* RipFlowViewModel.swift */ = {isa = PBXFileReference; lastKnownFileType = sourcecode.swift; path = RipFlowViewModel.swift; sourceTree = "<group>"; };
		FA02C3D4E5F6A7B8C9D0E1F1 /* RipFlowView.swift */ = {isa = PBXFileReference; lastKnownFileType = sourcecode.swift; path = RipFlowView.swift; sourceTree = "<group>"; };
		FA13C4D5E6F7A8B9C0D1E2F1 /* LeftPanelView.swift */ = {isa = PBXFileReference; lastKnownFileType = sourcecode.swift; path = LeftPanelView.swift; sourceTree = "<group>"; };
		FA03C3D4E5F6A7B8C9D0E1F1 /* RipIdleView.swift */ = {isa = PBXFileReference; lastKnownFileType = sourcecode.swift; path = RipIdleView.swift; sourceTree = "<group>"; };
		FA04C3D4E5F6A7B8C9D0E1F1 /* RipScanningView.swift */ = {isa = PBXFileReference; lastKnownFileType = sourcecode.swift; path = RipScanningView.swift; sourceTree = "<group>"; };
		FA05C3D4E5F6A7B8C9D0E1F1 /* TitleSelectionView.swift */ = {isa = PBXFileReference; lastKnownFileType = sourcecode.swift; path = TitleSelectionView.swift; sourceTree = "<group>"; };
		FA06C3D4E5F6A7B8C9D0E1F1 /* MediaTypeView.swift */ = {isa = PBXFileReference; lastKnownFileType = sourcecode.swift; path = MediaTypeView.swift; sourceTree = "<group>"; };
		FA07C3D4E5F6A7B8C9D0E1F1 /* TMDBSearchView.swift */ = {isa = PBXFileReference; lastKnownFileType = sourcecode.swift; path = TMDBSearchView.swift; sourceTree = "<group>"; };
		FA08C3D4E5F6A7B8C9D0E1F1 /* TVEpisodeView.swift */ = {isa = PBXFileReference; lastKnownFileType = sourcecode.swift; path = TVEpisodeView.swift; sourceTree = "<group>"; };
		FA09C3D4E5F6A7B8C9D0E1F1 /* AudioTrackSelectionView.swift */ = {isa = PBXFileReference; lastKnownFileType = sourcecode.swift; path = AudioTrackSelectionView.swift; sourceTree = "<group>"; };
		FA10C3D4E5F6A7B8C9D0E1F1 /* ConfirmationView.swift */ = {isa = PBXFileReference; lastKnownFileType = sourcecode.swift; path = ConfirmationView.swift; sourceTree = "<group>"; };
		FA11C3D4E5F6A7B8C9D0E1F1 /* RippingProgressView.swift */ = {isa = PBXFileReference; lastKnownFileType = sourcecode.swift; path = RippingProgressView.swift; sourceTree = "<group>"; };
		FA12C3D4E5F6A7B8C9D0E1F1 /* RipCompleteView.swift */ = {isa = PBXFileReference; lastKnownFileType = sourcecode.swift; path = RipCompleteView.swift; sourceTree = "<group>"; };
		H3B2C3D4E5F6A7B8C9D0E1F1 /* DiskArbitration.framework */ = {isa = PBXFileReference; lastKnownFileType = wrapper.framework; name = DiskArbitration.framework; path = System/Library/Frameworks/DiskArbitration.framework; sourceTree = SDKROOT; };
		C1B2C3D4E5F6A7B8C9D0E1F5 /* FrostTheme.swift */ = {isa = PBXFileReference; lastKnownFileType = sourcecode.swift; path = FrostTheme.swift; sourceTree = "<group>"; };
		C1B2C3D4E5F6A7B8C9D0E1F6 /* MenuBarView.swift */ = {isa = PBXFileReference; lastKnownFileType = sourcecode.swift; path = MenuBarView.swift; sourceTree = "<group>"; };
		C1B2C3D4E5F6A7B8C9D0E1F7 /* MenuBarIcon.swift */ = {isa = PBXFileReference; lastKnownFileType = sourcecode.swift; path = MenuBarIcon.swift; sourceTree = "<group>"; };
		C1B2C3D4E5F6A7B8C9D0E1F8 /* StatusViewModel.swift */ = {isa = PBXFileReference; lastKnownFileType = sourcecode.swift; path = StatusViewModel.swift; sourceTree = "<group>"; };
		C1B2C3D4E5F6A7B8C9D0E1F9 /* QueueViewModel.swift */ = {isa = PBXFileReference; lastKnownFileType = sourcecode.swift; path = QueueViewModel.swift; sourceTree = "<group>"; };
		D1B2C3D4E5F6A7B8C9D0E1F2 /* StatusSectionView.swift */ = {isa = PBXFileReference; lastKnownFileType = sourcecode.swift; path = StatusSectionView.swift; sourceTree = "<group>"; };
		D1B2C3D4E5F6A7B8C9D0E1F3 /* QueueSectionView.swift */ = {isa = PBXFileReference; lastKnownFileType = sourcecode.swift; path = QueueSectionView.swift; sourceTree = "<group>"; };
		D1B2C3D4E5F6A7B8C9D0E1F4 /* QueueRowView.swift */ = {isa = PBXFileReference; lastKnownFileType = sourcecode.swift; path = QueueRowView.swift; sourceTree = "<group>"; };
		D1B2C3D4E5F6A7B8C9D0E1F5 /* SettingsView.swift */ = {isa = PBXFileReference; lastKnownFileType = sourcecode.swift; path = SettingsView.swift; sourceTree = "<group>"; };
		FB01C3D4E5F6A7B8C9D0E1F1 /* Assets.xcassets */ = {isa = PBXFileReference; lastKnownFileType = folder.assetcatalog; path = Assets.xcassets; sourceTree = "<group>"; };
		D1B2C3D4E5F6A7B8C9D0E1F6 /* Info.plist */ = {isa = PBXFileReference; lastKnownFileType = text.plist.xml; path = Info.plist; sourceTree = "<group>"; };
		D1B2C3D4E5F6A7B8C9D0E1F7 /* FrostscribeUI.entitlements */ = {isa = PBXFileReference; lastKnownFileType = text.plist.entitlements; path = FrostscribeUI.entitlements; sourceTree = "<group>"; };
		F1B2C3D4E5F6A7B8C9D0E1F2 /* FrostscribeUI.app */ = {isa = PBXFileReference; explicitFileType = wrapper.application; includeInIndex = 0; path = FrostscribeUI.app; sourceTree = BUILT_PRODUCTS_DIR; };
/* End PBXFileReference section */

/* Begin PBXFrameworksBuildPhase section */
		C1B2C3D4E5F6A7B8C9D0E1F2 /* Frameworks */ = {
			isa = PBXFrameworksBuildPhase;
			buildActionMask = 2147483647;
			files = (
				F1B2C3D4E5F6A7B8C9D0E1F3 /* FrostscribeCore in Frameworks */,
				H3B2C3D4E5F6A7B8C9D0E1F2 /* DiskArbitration.framework in Frameworks */,
			);
			runOnlyForDeploymentPostprocessing = 0;
		};
/* End PBXFrameworksBuildPhase section */

/* Begin PBXGroup section */
		A1B2C3D4E5F6A7B8C9D0E1F3 /* FrostscribeUI (root) */ = {
			isa = PBXGroup;
			children = (
				A1B2C3D4E5F6A7B8C9D0E1F5 /* FrostscribeUI */,
				A2B2C3D4E5F6A7B8C9D0E1F2 /* Packages */,
				A3B2C3D4E5F6A7B8C9D0E1F2 /* Frameworks */,
				A1B2C3D4E5F6A7B8C9D0E1F4 /* Products */,
			);
			sourceTree = "<group>";
		};
		A3B2C3D4E5F6A7B8C9D0E1F2 /* Frameworks */ = {
			isa = PBXGroup;
			children = (
				H3B2C3D4E5F6A7B8C9D0E1F1 /* DiskArbitration.framework */,
			);
			name = Frameworks;
			sourceTree = "<group>";
		};
		A1B2C3D4E5F6A7B8C9D0E1F4 /* Products */ = {
			isa = PBXGroup;
			children = (
				F1B2C3D4E5F6A7B8C9D0E1F2 /* FrostscribeUI.app */,
			);
			name = Products;
			sourceTree = "<group>";
		};
		A1B2C3D4E5F6A7B8C9D0E1F5 /* FrostscribeUI */ = {
			isa = PBXGroup;
			children = (
				C1B2C3D4E5F6A7B8C9D0E1F4 /* FrostscribeApp.swift */,
				FB01C3D4E5F6A7B8C9D0E1F1 /* Assets.xcassets */,
				D1B2C3D4E5F6A7B8C9D0E1F6 /* Info.plist */,
				D1B2C3D4E5F6A7B8C9D0E1F7 /* FrostscribeUI.entitlements */,
				A1B2C3D4E5F6A7B8C9D0E1F6 /* Design */,
				A1B2C3D4E5F6A7B8C9D0E1F7 /* MenuBar */,
				A1B2C3D4E5F6A7B8C9D0E1F8 /* ViewModels */,
				A1B2C3D4E5F6A7B8C9D0E1F9 /* Views */,
				A4B2C3D4E5F6A7B8C9D0E1F2 /* Vigil */,
			);
			path = FrostscribeUI;
			sourceTree = "<group>";
		};
		A4B2C3D4E5F6A7B8C9D0E1F2 /* Vigil */ = {
			isa = PBXGroup;
			children = (
				F3B2C3D4E5F6A7B8C9D0E1F1 /* VigilWatcher.swift */,
				F3B2C3D4E5F6A7B8C9D0E1F2 /* VigilViewModel.swift */,
			);
			path = Vigil;
			sourceTree = "<group>";
		};
		A1B2C3D4E5F6A7B8C9D0E1F6 /* Design */ = {
			isa = PBXGroup;
			children = (
				C1B2C3D4E5F6A7B8C9D0E1F5 /* FrostTheme.swift */,
			);
			path = Design;
			sourceTree = "<group>";
		};
		A1B2C3D4E5F6A7B8C9D0E1F7 /* MenuBar */ = {
			isa = PBXGroup;
			children = (
				C1B2C3D4E5F6A7B8C9D0E1F6 /* MenuBarView.swift */,
				C1B2C3D4E5F6A7B8C9D0E1F7 /* MenuBarIcon.swift */,
			);
			path = MenuBar;
			sourceTree = "<group>";
		};
		A1B2C3D4E5F6A7B8C9D0E1F8 /* ViewModels */ = {
			isa = PBXGroup;
			children = (
				C1B2C3D4E5F6A7B8C9D0E1F8 /* StatusViewModel.swift */,
				C1B2C3D4E5F6A7B8C9D0E1F9 /* QueueViewModel.swift */,
				FA01C3D4E5F6A7B8C9D0E1F1 /* RipFlowViewModel.swift */,
			);
			path = ViewModels;
			sourceTree = "<group>";
		};
		A1B2C3D4E5F6A7B8C9D0E1F9 /* Views */ = {
			isa = PBXGroup;
			children = (
				D1B2C3D4E5F6A7B8C9D0E1F2 /* StatusSectionView.swift */,
				D1B2C3D4E5F6A7B8C9D0E1F3 /* QueueSectionView.swift */,
				D1B2C3D4E5F6A7B8C9D0E1F4 /* QueueRowView.swift */,
				D1B2C3D4E5F6A7B8C9D0E1F5 /* SettingsView.swift */,
				FA00C3D4E5F6A7B8C9D0E1F1 /* Rip */,
			);
			path = Views;
			sourceTree = "<group>";
		};
		FA00C3D4E5F6A7B8C9D0E1F1 /* Rip */ = {
			isa = PBXGroup;
			children = (
				FA02C3D4E5F6A7B8C9D0E1F1 /* RipFlowView.swift */,
				FA13C4D5E6F7A8B9C0D1E2F1 /* LeftPanelView.swift */,
				FA03C3D4E5F6A7B8C9D0E1F1 /* RipIdleView.swift */,
				FA04C3D4E5F6A7B8C9D0E1F1 /* RipScanningView.swift */,
				FA05C3D4E5F6A7B8C9D0E1F1 /* TitleSelectionView.swift */,
				FA06C3D4E5F6A7B8C9D0E1F1 /* MediaTypeView.swift */,
				FA07C3D4E5F6A7B8C9D0E1F1 /* TMDBSearchView.swift */,
				FA08C3D4E5F6A7B8C9D0E1F1 /* TVEpisodeView.swift */,
				FA09C3D4E5F6A7B8C9D0E1F1 /* AudioTrackSelectionView.swift */,
				FA10C3D4E5F6A7B8C9D0E1F1 /* ConfirmationView.swift */,
				FA11C3D4E5F6A7B8C9D0E1F1 /* RippingProgressView.swift */,
				FA12C3D4E5F6A7B8C9D0E1F1 /* RipCompleteView.swift */,
			);
			path = Rip;
			sourceTree = "<group>";
		};
		A2B2C3D4E5F6A7B8C9D0E1F2 /* Packages */ = {
			isa = PBXGroup;
			children = (
			);
			name = Packages;
			sourceTree = "<group>";
		};
/* End PBXGroup section */

/* Begin PBXNativeTarget section */
		B1B2C3D4E5F6A7B8C9D0E1F2 /* FrostscribeUI */ = {
			isa = PBXNativeTarget;
			buildConfigurationList = B1B2C3D4E5F6A7B8C9D0E1F4 /* Build configuration list for PBXNativeTarget "FrostscribeUI" */;
			buildPhases = (
				B1B2C3D4E5F6A7B8C9D0E1F9 /* Sources */,
				C1B2C3D4E5F6A7B8C9D0E1F2 /* Frameworks */,
				C1B2C3D4E5F6A7B8C9D0E1F3 /* Resources */,
			);
			buildRules = (
			);
			dependencies = (
			);
			name = FrostscribeUI;
			packageProductDependencies = (
				F1B2C3D4E5F6A7B8C9D0E1F5 /* FrostscribeCore */,
			);
			productName = FrostscribeUI;
			productReference = F1B2C3D4E5F6A7B8C9D0E1F2 /* FrostscribeUI.app */;
			productType = "com.apple.product-type.application";
		};
/* End PBXNativeTarget section */

/* Begin PBXProject section */
		A1B2C3D4E5F6A7B8C9D0E1F2 /* Project object */ = {
			isa = PBXProject;
			attributes = {
				BuildIndependentTargetsInParallel = 1;
				LastSwiftUpdateCheck = 1600;
				LastUpgradeCheck = 1600;
				TargetAttributes = {
					B1B2C3D4E5F6A7B8C9D0E1F2 = {
						CreatedOnToolsVersion = 16.0;
					};
				};
			};
			buildConfigurationList = B1B2C3D4E5F6A7B8C9D0E1F3 /* Build configuration list for PBXProject "FrostscribeUI" */;
			compatibilityVersion = "Xcode 14.0";
			developmentRegion = en;
			hasScannedForEncodings = 0;
			knownRegions = (
				en,
				Base,
			);
			mainGroup = A1B2C3D4E5F6A7B8C9D0E1F3;
			packageReferences = (
				F1B2C3D4E5F6A7B8C9D0E1F4 /* XCLocalSwiftPackageReference ".." */,
			);
			productRefGroup = A1B2C3D4E5F6A7B8C9D0E1F4 /* Products */;
			projectDirPath = "";
			projectRoot = "";
			targets = (
				B1B2C3D4E5F6A7B8C9D0E1F2 /* FrostscribeUI */,
			);
		};
/* End PBXProject section */

/* Begin PBXResourcesBuildPhase section */
		C1B2C3D4E5F6A7B8C9D0E1F3 /* Resources */ = {
			isa = PBXResourcesBuildPhase;
			buildActionMask = 2147483647;
			files = (
				FB01C3D4E5F6A7B8C9D0E1F2 /* Assets.xcassets in Resources */,
			);
			runOnlyForDeploymentPostprocessing = 0;
		};
/* End PBXResourcesBuildPhase section */

/* Begin PBXSourcesBuildPhase section */
		B1B2C3D4E5F6A7B8C9D0E1F9 /* Sources */ = {
			isa = PBXSourcesBuildPhase;
			buildActionMask = 2147483647;
			files = (
				D1B2C3D4E5F6A7B8C9D0E1F8 /* FrostscribeApp.swift in Sources */,
				D1B2C3D4E5F6A7B8C9D0E1F9 /* FrostTheme.swift in Sources */,
				E1B2C3D4E5F6A7B8C9D0E1F2 /* MenuBarView.swift in Sources */,
				E1B2C3D4E5F6A7B8C9D0E1F3 /* MenuBarIcon.swift in Sources */,
				E1B2C3D4E5F6A7B8C9D0E1F4 /* StatusViewModel.swift in Sources */,
				E1B2C3D4E5F6A7B8C9D0E1F5 /* QueueViewModel.swift in Sources */,
				E1B2C3D4E5F6A7B8C9D0E1F6 /* StatusSectionView.swift in Sources */,
				E1B2C3D4E5F6A7B8C9D0E1F7 /* QueueSectionView.swift in Sources */,
				E1B2C3D4E5F6A7B8C9D0E1F8 /* QueueRowView.swift in Sources */,
				E1B2C3D4E5F6A7B8C9D0E1F9 /* SettingsView.swift in Sources */,
				F3B2C3D4E5F6A7B8C9D0E1F3 /* VigilWatcher.swift in Sources */,
				F3B2C3D4E5F6A7B8C9D0E1F4 /* VigilViewModel.swift in Sources */,
				FA01C3D4E5F6A7B8C9D0E1F2 /* RipFlowViewModel.swift in Sources */,
				FA02C3D4E5F6A7B8C9D0E1F2 /* RipFlowView.swift in Sources */,
				FA13C4D5E6F7A8B9C0D1E2F2 /* LeftPanelView.swift in Sources */,
				FA03C3D4E5F6A7B8C9D0E1F2 /* RipIdleView.swift in Sources */,
				FA04C3D4E5F6A7B8C9D0E1F2 /* RipScanningView.swift in Sources */,
				FA05C3D4E5F6A7B8C9D0E1F2 /* TitleSelectionView.swift in Sources */,
				FA06C3D4E5F6A7B8C9D0E1F2 /* MediaTypeView.swift in Sources */,
				FA07C3D4E5F6A7B8C9D0E1F2 /* TMDBSearchView.swift in Sources */,
				FA08C3D4E5F6A7B8C9D0E1F2 /* TVEpisodeView.swift in Sources */,
				FA09C3D4E5F6A7B8C9D0E1F2 /* AudioTrackSelectionView.swift in Sources */,
				FA10C3D4E5F6A7B8C9D0E1F2 /* ConfirmationView.swift in Sources */,
				FA11C3D4E5F6A7B8C9D0E1F2 /* RippingProgressView.swift in Sources */,
				FA12C3D4E5F6A7B8C9D0E1F2 /* RipCompleteView.swift in Sources */,
			);
			runOnlyForDeploymentPostprocessing = 0;
		};
/* End PBXSourcesBuildPhase section */

/* Begin XCBuildConfiguration section */
		B1B2C3D4E5F6A7B8C9D0E1F5 /* Debug */ = {
			isa = XCBuildConfiguration;
			buildSettings = {
				ALWAYS_SEARCH_USER_PATHS = NO;
				ASSETCATALOG_COMPILER_GENERATE_SWIFT_ASSET_SYMBOL_EXTENSIONS = YES;
				CLANG_ANALYZER_NONNULL = YES;
				CLANG_ANALYZER_NUMBER_OBJECT_CONVERSION = YES_AGGRESSIVE;
				CLANG_CXX_LANGUAGE_STANDARD = "gnu++20";
				CLANG_ENABLE_MODULES = YES;
				CLANG_ENABLE_OBJC_ARC = YES;
				CLANG_ENABLE_OBJC_WEAK = YES;
				CLANG_WARN_BLOCK_CAPTURE_AUTORELEASING = YES;
				CLANG_WARN_BOOL_CONVERSION = YES;
				CLANG_WARN_COMMA = YES;
				CLANG_WARN_CONSTANT_CONVERSION = YES;
				CLANG_WARN_DEPRECATED_OBJC_IMPLEMENTATIONS = YES;
				CLANG_WARN_DIRECT_OBJC_ISA_USAGE = YES_ERROR;
				CLANG_WARN_DOCUMENTATION_COMMENTS = YES;
				CLANG_WARN_EMPTY_BODY = YES;
				CLANG_WARN_ENUM_CONVERSION = YES;
				CLANG_WARN_INFINITE_RECURSION = YES;
				CLANG_WARN_INT_CONVERSION = YES;
				CLANG_WARN_NON_LITERAL_NULL_CONVERSION = YES;
				CLANG_WARN_OBJC_IMPLICIT_RETAIN_SELF = YES;
				CLANG_WARN_OBJC_LITERAL_CONVERSION = YES;
				CLANG_WARN_OBJC_ROOT_CLASS = YES_ERROR;
				CLANG_WARN_QUOTED_INCLUDE_IN_FRAMEWORK_HEADER = YES;
				CLANG_WARN_RANGE_LOOP_ANALYSIS = YES;
				CLANG_WARN_STRICT_PROTOTYPES = YES;
				CLANG_WARN_SUSPICIOUS_MOVE = YES;
				CLANG_WARN_UNGUARDED_AVAILABILITY = YES_AGGRESSIVE;
				CLANG_WARN_UNREACHABLE_CODE = YES;
				CLANG_WARN__DUPLICATE_METHOD_MATCH = YES;
				COPY_PHASE_STRIP = NO;
				DEBUG_INFORMATION_FORMAT = dwarf;
				ENABLE_STRICT_OBJC_MSGSEND = YES;
				ENABLE_TESTABILITY = YES;
				ENABLE_USER_SCRIPT_SANDBOXING = YES;
				GCC_C_LANGUAGE_STANDARD = gnu17;
				GCC_DYNAMIC_NO_PIC = NO;
				GCC_NO_COMMON_BLOCKS = YES;
				GCC_OPTIMIZATION_LEVEL = 0;
				GCC_PREPROCESSOR_DEFINITIONS = (
					"DEBUG=1",
					"$(inherited)",
				);
				GCC_WARN_64_TO_32_BIT_CONVERSION = YES;
				GCC_WARN_ABOUT_RETURN_TYPE = YES_ERROR;
				GCC_WARN_UNDECLARED_SELECTOR = YES;
				GCC_WARN_UNINITIALIZED_AUTOS = YES_AGGRESSIVE;
				GCC_WARN_UNUSED_FUNCTION = YES;
				GCC_WARN_UNUSED_VARIABLE = YES;
				LOCALIZATION_PREFERS_STRING_CATALOGS = YES;
				MACOSX_DEPLOYMENT_TARGET = 14.0;
				MTL_ENABLE_DEBUG_INFO = INCLUDE_SOURCE;
				MTL_FAST_MATH = YES;
				ONLY_ACTIVE_ARCH = YES;
				SDKROOT = macosx;
				SWIFT_ACTIVE_COMPILATION_CONDITIONS = "DEBUG $(inherited)";
				SWIFT_OPTIMIZATION_LEVEL = "-Onone";
			};
			name = Debug;
		};
		B1B2C3D4E5F6A7B8C9D0E1F6 /* Release */ = {
			isa = XCBuildConfiguration;
			buildSettings = {
				ALWAYS_SEARCH_USER_PATHS = NO;
				ASSETCATALOG_COMPILER_GENERATE_SWIFT_ASSET_SYMBOL_EXTENSIONS = YES;
				CLANG_ANALYZER_NONNULL = YES;
				CLANG_ANALYZER_NUMBER_OBJECT_CONVERSION = YES_AGGRESSIVE;
				CLANG_CXX_LANGUAGE_STANDARD = "gnu++20";
				CLANG_ENABLE_MODULES = YES;
				CLANG_ENABLE_OBJC_ARC = YES;
				CLANG_ENABLE_OBJC_WEAK = YES;
				CLANG_WARN_BLOCK_CAPTURE_AUTORELEASING = YES;
				CLANG_WARN_BOOL_CONVERSION = YES;
				CLANG_WARN_COMMA = YES;
				CLANG_WARN_CONSTANT_CONVERSION = YES;
				CLANG_WARN_DEPRECATED_OBJC_IMPLEMENTATIONS = YES;
				CLANG_WARN_DIRECT_OBJC_ISA_USAGE = YES_ERROR;
				CLANG_WARN_DOCUMENTATION_COMMENTS = YES;
				CLANG_WARN_EMPTY_BODY = YES;
				CLANG_WARN_ENUM_CONVERSION = YES;
				CLANG_WARN_INFINITE_RECURSION = YES;
				CLANG_WARN_INT_CONVERSION = YES;
				CLANG_WARN_NON_LITERAL_NULL_CONVERSION = YES;
				CLANG_WARN_OBJC_IMPLICIT_RETAIN_SELF = YES;
				CLANG_WARN_OBJC_LITERAL_CONVERSION = YES;
				CLANG_WARN_OBJC_ROOT_CLASS = YES_ERROR;
				CLANG_WARN_QUOTED_INCLUDE_IN_FRAMEWORK_HEADER = YES;
				CLANG_WARN_RANGE_LOOP_ANALYSIS = YES;
				CLANG_WARN_STRICT_PROTOTYPES = YES;
				CLANG_WARN_SUSPICIOUS_MOVE = YES;
				CLANG_WARN_UNGUARDED_AVAILABILITY = YES_AGGRESSIVE;
				CLANG_WARN_UNREACHABLE_CODE = YES;
				CLANG_WARN__DUPLICATE_METHOD_MATCH = YES;
				COPY_PHASE_STRIP = NO;
				DEBUG_INFORMATION_FORMAT = "dwarf-with-dsym";
				ENABLE_NS_ASSERTIONS = NO;
				ENABLE_STRICT_OBJC_MSGSEND = YES;
				ENABLE_USER_SCRIPT_SANDBOXING = YES;
				GCC_C_LANGUAGE_STANDARD = gnu17;
				GCC_NO_COMMON_BLOCKS = YES;
				GCC_WARN_64_TO_32_BIT_CONVERSION = YES;
				GCC_WARN_ABOUT_RETURN_TYPE = YES_ERROR;
				GCC_WARN_UNDECLARED_SELECTOR = YES;
				GCC_WARN_UNINITIALIZED_AUTOS = YES_AGGRESSIVE;
				GCC_WARN_UNUSED_FUNCTION = YES;
				GCC_WARN_UNUSED_VARIABLE = YES;
				LOCALIZATION_PREFERS_STRING_CATALOGS = YES;
				MACOSX_DEPLOYMENT_TARGET = 14.0;
				MTL_FAST_MATH = YES;
				SDKROOT = macosx;
				SWIFT_COMPILATION_MODE = wholemodule;
			};
			name = Release;
		};
		B1B2C3D4E5F6A7B8C9D0E1F7 /* Debug */ = {
			isa = XCBuildConfiguration;
			buildSettings = {
				ASSETCATALOG_COMPILER_APPICON_NAME = AppIcon;
				ASSETCATALOG_COMPILER_GLOBAL_ACCENT_COLOR_NAME = AccentColor;
				CODE_SIGN_ENTITLEMENTS = FrostscribeUI/FrostscribeUI.entitlements;
				CODE_SIGN_STYLE = Automatic;
				COMBINE_HIDPI_IMAGES = YES;
				CURRENT_PROJECT_VERSION = 1;
				DEVELOPMENT_ASSET_PATHS = "";
				DEVELOPMENT_TEAM = "";
				ENABLE_HARDENED_RUNTIME = YES;
				ENABLE_PREVIEWS = YES;
				GENERATE_INFOPLIST_FILE = NO;
				INFOPLIST_FILE = FrostscribeUI/Info.plist;
				LD_RUNPATH_SEARCH_PATHS = (
					"$(inherited)",
					"@executable_path/../Frameworks",
				);
				MARKETING_VERSION = 0.1.0;
				PRODUCT_BUNDLE_IDENTIFIER = com.frostscribe.ui;
				PRODUCT_NAME = "$(TARGET_NAME)";
				SWIFT_EMIT_LOC_STRINGS = YES;
				SWIFT_VERSION = 6.0;
				MACOSX_DEPLOYMENT_TARGET = 14.0;
			};
			name = Debug;
		};
		B1B2C3D4E5F6A7B8C9D0E1F8 /* Release */ = {
			isa = XCBuildConfiguration;
			buildSettings = {
				ASSETCATALOG_COMPILER_APPICON_NAME = AppIcon;
				ASSETCATALOG_COMPILER_GLOBAL_ACCENT_COLOR_NAME = AccentColor;
				CODE_SIGN_ENTITLEMENTS = FrostscribeUI/FrostscribeUI.entitlements;
				CODE_SIGN_STYLE = Automatic;
				COMBINE_HIDPI_IMAGES = YES;
				CURRENT_PROJECT_VERSION = 1;
				DEVELOPMENT_ASSET_PATHS = "";
				DEVELOPMENT_TEAM = "";
				ENABLE_HARDENED_RUNTIME = YES;
				ENABLE_PREVIEWS = YES;
				GENERATE_INFOPLIST_FILE = NO;
				INFOPLIST_FILE = FrostscribeUI/Info.plist;
				LD_RUNPATH_SEARCH_PATHS = (
					"$(inherited)",
					"@executable_path/../Frameworks",
				);
				MARKETING_VERSION = 0.1.0;
				PRODUCT_BUNDLE_IDENTIFIER = com.frostscribe.ui;
				PRODUCT_NAME = "$(TARGET_NAME)";
				SWIFT_EMIT_LOC_STRINGS = YES;
				SWIFT_VERSION = 6.0;
				MACOSX_DEPLOYMENT_TARGET = 14.0;
			};
			name = Release;
		};
/* End XCBuildConfiguration section */

/* Begin XCConfigurationList section */
		B1B2C3D4E5F6A7B8C9D0E1F3 /* Build configuration list for PBXProject "FrostscribeUI" */ = {
			isa = XCConfigurationList;
			buildConfigurations = (
				B1B2C3D4E5F6A7B8C9D0E1F5 /* Debug */,
				B1B2C3D4E5F6A7B8C9D0E1F6 /* Release */,
			);
			defaultConfigurationIsVisible = 0;
			defaultConfigurationName = Release;
		};
		B1B2C3D4E5F6A7B8C9D0E1F4 /* Build configuration list for PBXNativeTarget "FrostscribeUI" */ = {
			isa = XCConfigurationList;
			buildConfigurations = (
				B1B2C3D4E5F6A7B8C9D0E1F7 /* Debug */,
				B1B2C3D4E5F6A7B8C9D0E1F8 /* Release */,
			);
			defaultConfigurationIsVisible = 0;
			defaultConfigurationName = Release;
		};
/* End XCConfigurationList section */

/* Begin XCLocalSwiftPackageReference section */
		F1B2C3D4E5F6A7B8C9D0E1F4 /* XCLocalSwiftPackageReference ".." */ = {
			isa = XCLocalSwiftPackageReference;
			relativePath = "..";
		};
/* End XCLocalSwiftPackageReference section */

/* Begin XCSwiftPackageProductDependency section */
		F1B2C3D4E5F6A7B8C9D0E1F5 /* FrostscribeCore */ = {
			isa = XCSwiftPackageProductDependency;
			package = F1B2C3D4E5F6A7B8C9D0E1F4 /* XCLocalSwiftPackageReference ".." */;
			productName = FrostscribeCore;
		};
/* End XCSwiftPackageProductDependency section */

	};
	rootObject = A1B2C3D4E5F6A7B8C9D0E1F2 /* Project object */;
}
